
Microsoft Visual Studio Solution File, Format Version 12.00
# Visual Studio Version 16
VisualStudioVersion = 16.0.30611.23
MinimumVisualStudioVersion = 10.0.40219.1
Project("{FAE04EC0-301F-11D3-BF4B-00C04F79EFBC}") = "Ejercicio4", "Ejercicio4\Ejercicio4.csproj", "{29A346A2-65A9-4B55-AFFC-58C5159105CE}"
EndProject
Project("{FAE04EC0-301F-11D3-BF4B-00C04F79EFBC}") = "Ejercicio4Tests", "Ejercicio4Tests\Ejercicio4Tests.csproj", "{3221776C-FCBD-4BEB-A814-327FD42C9442}"
EndProject
Global
	GlobalSection(SolutionConfigurationPlatforms) = preSolution
		Debug|Any CPU = Debug|Any CPU
		Release|Any CPU = Release|Any CPU
	EndGlobalSection
	GlobalSection(ProjectConfigurationPlatforms) = postSolution
		{29A346A2-65A9-4B55-AFFC-58C5159105CE}.Debug|Any CPU.ActiveCfg = Debug|Any CPU
		{29A346A2-65A9-4B55-AFFC-58C5159105CE}.Debug|Any CPU.Build.0 = Debug|Any CPU
		{29A346A2-65A9-4B55-AFFC-58C5159105CE}.Release|Any CPU.ActiveCfg = Release|Any CPU
		{29A346A2-65A9-4B55-AFFC-58C5159105CE}.Release|Any CPU.Build.0 = Release|Any CPU
		{3221776C-FCBD-4BEB-A814-327FD42C9442}.Debug|Any CPU.ActiveCfg = Debug|Any CPU
		{3221776C-FCBD-4BEB-A814-327FD42C9442}.Debug|Any CPU.Build.0 = Debug|Any CPU
		{3221776C-FCBD-4BEB-A814-327FD42C9442}.Release|Any CPU.ActiveCfg = Release|Any CPU
		{3221776C-FCBD-4BEB-A814-327FD42C9442}.Release|Any CPU.Build.0 = Release|Any CPU
	EndGlobalSection
	GlobalSection(SolutionProperties) = preSolution
		HideSolutionNode = FALSE
	EndGlobalSection
	GlobalSection(ExtensibilityGlobals) = postSolution
		SolutionGuid = {23827701-9D65-4E8F-AA44-4A18DA7B8726}
	EndGlobalSection
EndGlobal
