
Microsoft Visual Studio Solution File, Format Version 12.00
# Visual Studio Version 16
VisualStudioVersion = 16.0.30611.23
MinimumVisualStudioVersion = 10.0.40219.1
Project("{FAE04EC0-301F-11D3-BF4B-00C04F79EFBC}") = "Ejercicio1", "Ejercicio1\Ejercicio1.csproj", "{15BE6F33-EE36-4050-99FD-6C4CB670818B}"
EndProject
Project("{FAE04EC0-301F-11D3-BF4B-00C04F79EFBC}") = "Ejercicio1Tests", "Ejercicio1Tests\Ejercicio1Tests.csproj", "{5F94926F-E781-458E-8518-EDA152B13AD1}"
EndProject
Global
	GlobalSection(SolutionConfigurationPlatforms) = preSolution
		Debug|Any CPU = Debug|Any CPU
		Release|Any CPU = Release|Any CPU
	EndGlobalSection
	GlobalSection(ProjectConfigurationPlatforms) = postSolution
		{15BE6F33-EE36-4050-99FD-6C4CB670818B}.Debug|Any CPU.ActiveCfg = Debug|Any CPU
		{15BE6F33-EE36-4050-99FD-6C4CB670818B}.Debug|Any CPU.Build.0 = Debug|Any CPU
		{15BE6F33-EE36-4050-99FD-6C4CB670818B}.Release|Any CPU.ActiveCfg = Release|Any CPU
		{15BE6F33-EE36-4050-99FD-6C4CB670818B}.Release|Any CPU.Build.0 = Release|Any CPU
		{5F94926F-E781-458E-8518-EDA152B13AD1}.Debug|Any CPU.ActiveCfg = Debug|Any CPU
		{5F94926F-E781-458E-8518-EDA152B13AD1}.Debug|Any CPU.Build.0 = Debug|Any CPU
		{5F94926F-E781-458E-8518-EDA152B13AD1}.Release|Any CPU.ActiveCfg = Release|Any CPU
		{5F94926F-E781-458E-8518-EDA152B13AD1}.Release|Any CPU.Build.0 = Release|Any CPU
	EndGlobalSection
	GlobalSection(SolutionProperties) = preSolution
		HideSolutionNode = FALSE
	EndGlobalSection
	GlobalSection(ExtensibilityGlobals) = postSolution
		SolutionGuid = {6086A3A7-929F-435D-81B8-7FF18E1EFAB6}
	EndGlobalSection
EndGlobal
