
Microsoft Visual Studio Solution File, Format Version 12.00
# Visual Studio Version 16
VisualStudioVersion = 16.0.30611.23
MinimumVisualStudioVersion = 10.0.40219.1
Project("{FAE04EC0-301F-11D3-BF4B-00C04F79EFBC}") = "Ejercicio3", "Ejercicio3\Ejercicio3.csproj", "{23AC79EC-7CE9-4DBA-BA43-CE88091461BF}"
EndProject
Project("{FAE04EC0-301F-11D3-BF4B-00C04F79EFBC}") = "Ejercicio3Tests", "Ejercicio3Tests\Ejercicio3Tests.csproj", "{94040A39-141C-46C2-8631-E83E4F736945}"
EndProject
Global
	GlobalSection(SolutionConfigurationPlatforms) = preSolution
		Debug|Any CPU = Debug|Any CPU
		Release|Any CPU = Release|Any CPU
	EndGlobalSection
	GlobalSection(ProjectConfigurationPlatforms) = postSolution
		{23AC79EC-7CE9-4DBA-BA43-CE88091461BF}.Debug|Any CPU.ActiveCfg = Debug|Any CPU
		{23AC79EC-7CE9-4DBA-BA43-CE88091461BF}.Debug|Any CPU.Build.0 = Debug|Any CPU
		{23AC79EC-7CE9-4DBA-BA43-CE88091461BF}.Release|Any CPU.ActiveCfg = Release|Any CPU
		{23AC79EC-7CE9-4DBA-BA43-CE88091461BF}.Release|Any CPU.Build.0 = Release|Any CPU
		{94040A39-141C-46C2-8631-E83E4F736945}.Debug|Any CPU.ActiveCfg = Debug|Any CPU
		{94040A39-141C-46C2-8631-E83E4F736945}.Debug|Any CPU.Build.0 = Debug|Any CPU
		{94040A39-141C-46C2-8631-E83E4F736945}.Release|Any CPU.ActiveCfg = Release|Any CPU
		{94040A39-141C-46C2-8631-E83E4F736945}.Release|Any CPU.Build.0 = Release|Any CPU
	EndGlobalSection
	GlobalSection(SolutionProperties) = preSolution
		HideSolutionNode = FALSE
	EndGlobalSection
	GlobalSection(ExtensibilityGlobals) = postSolution
		SolutionGuid = {1D6AB4C1-CF61-47AD-A36B-6BBE2617FCE6}
	EndGlobalSection
EndGlobal
